
Microsoft Visual Studio Solution File, Format Version 12.00
# Visual Studio 15
VisualStudioVersion = 15.0.27428.2015
MinimumVisualStudioVersion = 10.0.40219.1
Project("{FAE04EC0-301F-11D3-BF4B-00C04F79EFBC}") = "ComPortProxy", "ComPortProxy\ComPortProxy.csproj", "{68018E31-6EE4-4357-85BC-F0FFDF23A5F3}"
EndProject
Project("{FAE04EC0-301F-11D3-BF4B-00C04F79EFBC}") = "ComPortProxy.Ui", "ComPortProxy.Ui\ComPortProxy.Ui.csproj", "{8CE00435-832D-4F12-BFFD-8E696DD715E9}"
EndProject
Global
	GlobalSection(SolutionConfigurationPlatforms) = preSolution
		Debug|Any CPU = Debug|Any CPU
		Release|Any CPU = Release|Any CPU
	EndGlobalSection
	GlobalSection(ProjectConfigurationPlatforms) = postSolution
		{68018E31-6EE4-4357-85BC-F0FFDF23A5F3}.Debug|Any CPU.ActiveCfg = Debug|Any CPU
		{68018E31-6EE4-4357-85BC-F0FFDF23A5F3}.Debug|Any CPU.Build.0 = Debug|Any CPU
		{68018E31-6EE4-4357-85BC-F0FFDF23A5F3}.Release|Any CPU.ActiveCfg = Release|Any CPU
		{68018E31-6EE4-4357-85BC-F0FFDF23A5F3}.Release|Any CPU.Build.0 = Release|Any CPU
		{8CE00435-832D-4F12-BFFD-8E696DD715E9}.Debug|Any CPU.ActiveCfg = Debug|Any CPU
		{8CE00435-832D-4F12-BFFD-8E696DD715E9}.Debug|Any CPU.Build.0 = Debug|Any CPU
		{8CE00435-832D-4F12-BFFD-8E696DD715E9}.Release|Any CPU.ActiveCfg = Release|Any CPU
		{8CE00435-832D-4F12-BFFD-8E696DD715E9}.Release|Any CPU.Build.0 = Release|Any CPU
	EndGlobalSection
	GlobalSection(SolutionProperties) = preSolution
		HideSolutionNode = FALSE
	EndGlobalSection
	GlobalSection(ExtensibilityGlobals) = postSolution
		SolutionGuid = {40E81E1F-BED0-4514-ABEE-7FE4E9C1F5EA}
	EndGlobalSection
EndGlobal
